
Microsoft Visual Studio Solution File, Format Version 12.00
# Visual Studio Version 17
VisualStudioVersion = 17.3.32825.248
MinimumVisualStudioVersion = 10.0.40219.1
Project("{FAE04EC0-301F-11D3-BF4B-00C04F79EFBC}") = "MyImageOperations", "MyImageOperations.csproj", "{3BA17AB4-ACBF-430F-B959-369D0A8495EC}"
EndProject
Global
	GlobalSection(SolutionConfigurationPlatforms) = preSolution
		Debug|Any CPU = Debug|Any CPU
		Release|Any CPU = Release|Any CPU
	EndGlobalSection
	GlobalSection(ProjectConfigurationPlatforms) = postSolution
		{3BA17AB4-ACBF-430F-B959-369D0A8495EC}.Debug|Any CPU.ActiveCfg = Debug|Any CPU
		{3BA17AB4-ACBF-430F-B959-369D0A8495EC}.Debug|Any CPU.Build.0 = Debug|Any CPU
		{3BA17AB4-ACBF-430F-B959-369D0A8495EC}.Release|Any CPU.ActiveCfg = Release|Any CPU
		{3BA17AB4-ACBF-430F-B959-369D0A8495EC}.Release|Any CPU.Build.0 = Release|Any CPU
	EndGlobalSection
	GlobalSection(SolutionProperties) = preSolution
		HideSolutionNode = FALSE
	EndGlobalSection
	GlobalSection(ExtensibilityGlobals) = postSolution
		SolutionGuid = {8F77E7B9-5DD5-4976-817C-473662ABA944}
	EndGlobalSection
EndGlobal
